<?xml version="1.0" encoding="UTF-8" standalone="yes" ?>
<CodeBlocks_project_file>
	<FileVersion major="1" minor="6" />
	<Project>
		<Option title="lib65" />
		<Option pch_mode="2" />
		<Option compiler="gcc" />
		<Build>
			<Target title="OSX Debug">
				<Option output="lib65" prefix_auto="1" extension_auto="1" />
				<Option working_dir="" />
				<Option object_output="obj/osx/Debug/" />
				<Option type="2" />
				<Option compiler="gcc" />
				<Option createDefFile="1" />
				<Compiler>
					<Add option="-Wall" />
					<Add option="-g" />
					<Add option="-arch i386" />
					<Add option="`wx-config --cxxflags`" />
				</Compiler>
				<Linker>
					<Add option="`wx-config --cxxflags`" />
					<Add option="-arch i386" />
				</Linker>
			</Target>
			<Target title="OSX Release">
				<Option output="lib65" prefix_auto="1" extension_auto="1" />
				<Option working_dir="" />
				<Option object_output="obj/osx/Release/" />
				<Option type="2" />
				<Option compiler="gcc" />
				<Option createDefFile="1" />
				<Compiler>
					<Add option="-Wall" />
					<Add option="-O2" />
				</Compiler>
				<Linker>
					<Add option="-s" />
				</Linker>
			</Target>
		</Build>
		<Compiler>
			<Add directory="include" />
		</Compiler>
		<Unit filename="COPYING" />
		<Unit filename="README.md" />
		<Unit filename="include/HexUtils.h" />
		<Unit filename="include/cpu.h" />
		<Unit filename="include/memory.h" />
		<Unit filename="include/readIntelHex.h" />
		<Unit filename="main.c">
			<Option compilerVar="CC" />
		</Unit>
		<Unit filename="src/HexUtils.cpp" />
		<Unit filename="src/cpu.cpp" />
		<Unit filename="src/memory.cpp" />
		<Unit filename="src/readIntelHex.cpp" />
		<Unit filename="version.h" />
		<Extensions>
			<code_completion />
			<envvars />
			<debugger />
			<lib_finder disable_auto="1" />
			<AutoVersioning>
				<Scheme minor_max="0" build_max="0" rev_max="0" rev_rand_max="10" build_times_to_increment_minor="1000" />
				<Settings autoincrement="1" date_declarations="1" do_auto_increment="0" ask_to_increment="0" language="C++" svn="0" svn_directory="" header_path="version.h" />
				<Changes_Log show_changes_editor="0" app_title="released version %M.%m.%b of %p" changeslog_path="ChangesLog.txt" />
				<Code header_guard="VERSION_H" namespace="AutoVersion" prefix="" />
			</AutoVersioning>
		</Extensions>
	</Project>
</CodeBlocks_project_file>
